
Microsoft Visual Studio Solution File, Format Version 12.00
# Visual Studio 14
VisualStudioVersion = 14.0.25420.1
MinimumVisualStudioVersion = 10.0.40219.1
Project("{2150E333-8FDC-42A3-9474-1A3956D46DE8}") = "Solution Items", "Solution Items", "{30D63B36-44BA-40C7-BFEC-C58A4017E9C3}"
	ProjectSection(SolutionItems) = preProject
		global.json = global.json
		NuGet.config = NuGet.config
	EndProjectSection
EndProject
Project("{2150E333-8FDC-42A3-9474-1A3956D46DE8}") = "src", "src", "{EF35FB72-D934-45A8-9856-E60EA2623135}"
EndProject
Project("{8BB2217D-0F2D-49D1-97BC-3654ED321F3B}") = "AspectCore.Lite.Container.DependencyInjection", "src\AspectCore.Lite.Container.DependencyInjection\AspectCore.Lite.Container.DependencyInjection.xproj", "{00642272-6BE8-430C-93D5-DB63FEC23184}"
EndProject
Project("{8BB2217D-0F2D-49D1-97BC-3654ED321F3B}") = "AspectCore.Lite.Container.Autofac", "src\AspectCore.Lite.Container.Autofac\AspectCore.Lite.Container.Autofac.xproj", "{05C1DB04-90DA-4D5D-A2A0-655DCC14E1F8}"
EndProject
Global
	GlobalSection(SolutionConfigurationPlatforms) = preSolution
		Debug|Any CPU = Debug|Any CPU
		Release|Any CPU = Release|Any CPU
	EndGlobalSection
	GlobalSection(ProjectConfigurationPlatforms) = postSolution
		{00642272-6BE8-430C-93D5-DB63FEC23184}.Debug|Any CPU.ActiveCfg = Debug|Any CPU
		{00642272-6BE8-430C-93D5-DB63FEC23184}.Debug|Any CPU.Build.0 = Debug|Any CPU
		{00642272-6BE8-430C-93D5-DB63FEC23184}.Release|Any CPU.ActiveCfg = Release|Any CPU
		{00642272-6BE8-430C-93D5-DB63FEC23184}.Release|Any CPU.Build.0 = Release|Any CPU
		{05C1DB04-90DA-4D5D-A2A0-655DCC14E1F8}.Debug|Any CPU.ActiveCfg = Debug|Any CPU
		{05C1DB04-90DA-4D5D-A2A0-655DCC14E1F8}.Debug|Any CPU.Build.0 = Debug|Any CPU
		{05C1DB04-90DA-4D5D-A2A0-655DCC14E1F8}.Release|Any CPU.ActiveCfg = Release|Any CPU
		{05C1DB04-90DA-4D5D-A2A0-655DCC14E1F8}.Release|Any CPU.Build.0 = Release|Any CPU
		{F85D3075-97C2-4AC1-9B36-DB752C0EDBEE}.Debug|Any CPU.ActiveCfg = Debug|Any CPU
		{F85D3075-97C2-4AC1-9B36-DB752C0EDBEE}.Debug|Any CPU.Build.0 = Debug|Any CPU
		{F85D3075-97C2-4AC1-9B36-DB752C0EDBEE}.Release|Any CPU.ActiveCfg = Release|Any CPU
		{F85D3075-97C2-4AC1-9B36-DB752C0EDBEE}.Release|Any CPU.Build.0 = Release|Any CPU
		{E3F11701-01F4-47D2-8DAA-525956A0F203}.Debug|Any CPU.ActiveCfg = Debug|Any CPU
		{E3F11701-01F4-47D2-8DAA-525956A0F203}.Debug|Any CPU.Build.0 = Debug|Any CPU
		{E3F11701-01F4-47D2-8DAA-525956A0F203}.Release|Any CPU.ActiveCfg = Release|Any CPU
		{E3F11701-01F4-47D2-8DAA-525956A0F203}.Release|Any CPU.Build.0 = Release|Any CPU
		{DDB030FA-D0DE-4823-91E1-D6D50F2ECC94}.Debug|Any CPU.ActiveCfg = Debug|Any CPU
		{DDB030FA-D0DE-4823-91E1-D6D50F2ECC94}.Debug|Any CPU.Build.0 = Debug|Any CPU
		{DDB030FA-D0DE-4823-91E1-D6D50F2ECC94}.Release|Any CPU.ActiveCfg = Release|Any CPU
		{DDB030FA-D0DE-4823-91E1-D6D50F2ECC94}.Release|Any CPU.Build.0 = Release|Any CPU
	EndGlobalSection
	GlobalSection(SolutionProperties) = preSolution
		HideSolutionNode = FALSE
	EndGlobalSection
	GlobalSection(NestedProjects) = preSolution
		{00642272-6BE8-430C-93D5-DB63FEC23184} = {EF35FB72-D934-45A8-9856-E60EA2623135}
		{05C1DB04-90DA-4D5D-A2A0-655DCC14E1F8} = {EF35FB72-D934-45A8-9856-E60EA2623135}
	EndGlobalSection
EndGlobal
